
Microsoft Visual Studio Solution File, Format Version 12.00
# Visual Studio Version 17
VisualStudioVersion = 17.0.31903.59
MinimumVisualStudioVersion = 10.0.40219.1
Project("{2150E333-8FDC-42A3-9474-1A3956D46DE8}") = "src", "src", "{658C616E-A269-445D-A8D4-10AE511BDA00}"
EndProject
Project("{FAE04EC0-301F-11D3-BF4B-00C04F79EFBC}") = "AuctionService", "src\AuctionService\AuctionService.csproj", "{1FF54C3D-DAF5-4B42-ABA0-D9252410FD49}"
EndProject
Project("{FAE04EC0-301F-11D3-BF4B-00C04F79EFBC}") = "SearchService", "src\SearchService\SearchService.csproj", "{627A7110-0994-4D21-946E-EEE91D13300F}"
EndProject
Project("{FAE04EC0-301F-11D3-BF4B-00C04F79EFBC}") = "Contracts", "src\Contracts\Contracts.csproj", "{5286BE89-3084-4AFE-AC04-868C63E39574}"
EndProject
Project("{FAE04EC0-301F-11D3-BF4B-00C04F79EFBC}") = "IdentityService", "src\IdentityService\IdentityService.csproj", "{84C1A8EE-BB52-408A-8DA8-F59B827A8B6D}"
EndProject
Project("{FAE04EC0-301F-11D3-BF4B-00C04F79EFBC}") = "GatewayService", "src\GatewayService\GatewayService.csproj", "{C39A3F02-3CF7-4A6E-81E6-87DBF602C839}"
EndProject
Global
	GlobalSection(SolutionConfigurationPlatforms) = preSolution
		Debug|Any CPU = Debug|Any CPU
		Release|Any CPU = Release|Any CPU
	EndGlobalSection
	GlobalSection(SolutionProperties) = preSolution
		HideSolutionNode = FALSE
	EndGlobalSection
	GlobalSection(ProjectConfigurationPlatforms) = postSolution
		{1FF54C3D-DAF5-4B42-ABA0-D9252410FD49}.Debug|Any CPU.ActiveCfg = Debug|Any CPU
		{1FF54C3D-DAF5-4B42-ABA0-D9252410FD49}.Debug|Any CPU.Build.0 = Debug|Any CPU
		{1FF54C3D-DAF5-4B42-ABA0-D9252410FD49}.Release|Any CPU.ActiveCfg = Release|Any CPU
		{1FF54C3D-DAF5-4B42-ABA0-D9252410FD49}.Release|Any CPU.Build.0 = Release|Any CPU
		{627A7110-0994-4D21-946E-EEE91D13300F}.Debug|Any CPU.ActiveCfg = Debug|Any CPU
		{627A7110-0994-4D21-946E-EEE91D13300F}.Debug|Any CPU.Build.0 = Debug|Any CPU
		{627A7110-0994-4D21-946E-EEE91D13300F}.Release|Any CPU.ActiveCfg = Release|Any CPU
		{627A7110-0994-4D21-946E-EEE91D13300F}.Release|Any CPU.Build.0 = Release|Any CPU
		{5286BE89-3084-4AFE-AC04-868C63E39574}.Debug|Any CPU.ActiveCfg = Debug|Any CPU
		{5286BE89-3084-4AFE-AC04-868C63E39574}.Debug|Any CPU.Build.0 = Debug|Any CPU
		{5286BE89-3084-4AFE-AC04-868C63E39574}.Release|Any CPU.ActiveCfg = Release|Any CPU
		{5286BE89-3084-4AFE-AC04-868C63E39574}.Release|Any CPU.Build.0 = Release|Any CPU
		{84C1A8EE-BB52-408A-8DA8-F59B827A8B6D}.Debug|Any CPU.ActiveCfg = Debug|Any CPU
		{84C1A8EE-BB52-408A-8DA8-F59B827A8B6D}.Debug|Any CPU.Build.0 = Debug|Any CPU
		{84C1A8EE-BB52-408A-8DA8-F59B827A8B6D}.Release|Any CPU.ActiveCfg = Release|Any CPU
		{84C1A8EE-BB52-408A-8DA8-F59B827A8B6D}.Release|Any CPU.Build.0 = Release|Any CPU
		{C39A3F02-3CF7-4A6E-81E6-87DBF602C839}.Debug|Any CPU.ActiveCfg = Debug|Any CPU
		{C39A3F02-3CF7-4A6E-81E6-87DBF602C839}.Debug|Any CPU.Build.0 = Debug|Any CPU
		{C39A3F02-3CF7-4A6E-81E6-87DBF602C839}.Release|Any CPU.ActiveCfg = Release|Any CPU
		{C39A3F02-3CF7-4A6E-81E6-87DBF602C839}.Release|Any CPU.Build.0 = Release|Any CPU
	EndGlobalSection
	GlobalSection(NestedProjects) = preSolution
		{1FF54C3D-DAF5-4B42-ABA0-D9252410FD49} = {658C616E-A269-445D-A8D4-10AE511BDA00}
		{627A7110-0994-4D21-946E-EEE91D13300F} = {658C616E-A269-445D-A8D4-10AE511BDA00}
		{5286BE89-3084-4AFE-AC04-868C63E39574} = {658C616E-A269-445D-A8D4-10AE511BDA00}
		{84C1A8EE-BB52-408A-8DA8-F59B827A8B6D} = {658C616E-A269-445D-A8D4-10AE511BDA00}
		{C39A3F02-3CF7-4A6E-81E6-87DBF602C839} = {658C616E-A269-445D-A8D4-10AE511BDA00}
	EndGlobalSection
EndGlobal
